// !$*UTF8*$!
{
	archiveVersion = 1;
	classes = {
	};
	objectVersion = 46;
	objects = {

/* Begin PBXBuildFile section */
		63FBEFAD1D4960660089A25E /* AppDelegate.swift in Sources */ = {isa = PBXBuildFile; fileRef = 63FBEFAC1D4960660089A25E /* AppDelegate.swift */; };
		63FBEFAF1D4960660089A25E /* ViewController.swift in Sources */ = {isa = PBXBuildFile; fileRef = 63FBEFAE1D4960660089A25E /* ViewController.swift */; };
		63FBEFB21D4960660089A25E /* Main.storyboard in Resources */ = {isa = PBXBuildFile; fileRef = 63FBEFB01D4960660089A25E /* Main.storyboard */; };
		63FBEFB41D4960660089A25E /* Assets.xcassets in Resources */ = {isa = PBXBuildFile; fileRef = 63FBEFB31D4960660089A25E /* Assets.xcassets */; };
		63FBEFB71D4960660089A25E /* LaunchScreen.storyboard in Resources */ = {isa = PBXBuildFile; fileRef = 63FBEFB51D4960660089A25E /* LaunchScreen.storyboard */; };
		63FBEFBF1D4962C70089A25E /* pokemon.csv in Resources */ = {isa = PBXBuildFile; fileRef = 63FBEFBE1D4962C70089A25E /* pokemon.csv */; };
		63FBEFC21D4963A70089A25E /* Pokemon.swift in Sources */ = {isa = PBXBuildFile; fileRef = 63FBEFC11D4963A70089A25E /* Pokemon.swift */; };
		63FBEFC51D496CC20089A25E /* PokemonCollectionViewCell.swift in Sources */ = {isa = PBXBuildFile; fileRef = 63FBEFC41D496CC20089A25E /* PokemonCollectionViewCell.swift */; };
		63FBEFC71D49768D0089A25E /* csv.swift in Sources */ = {isa = PBXBuildFile; fileRef = 63FBEFC61D49768D0089A25E /* csv.swift */; };
/* End PBXBuildFile section */

/* Begin PBXFileReference section */
		63FBEFA91D4960660089A25E /* Pokedex.app */ = {isa = PBXFileReference; explicitFileType = wrapper.application; includeInIndex = 0; path = Pokedex.app; sourceTree = BUILT_PRODUCTS_DIR; };
		63FBEFAC1D4960660089A25E /* AppDelegate.swift */ = {isa = PBXFileReference; lastKnownFileType = sourcecode.swift; path = AppDelegate.swift; sourceTree = "<group>"; };
		63FBEFAE1D4960660089A25E /* ViewController.swift */ = {isa = PBXFileReference; lastKnownFileType = sourcecode.swift; path = ViewController.swift; sourceTree = "<group>"; };
		63FBEFB11D4960660089A25E /* Base */ = {isa = PBXFileReference; lastKnownFileType = file.storyboard; name = Base; path = Base.lproj/Main.storyboard; sourceTree = "<group>"; };
		63FBEFB31D4960660089A25E /* Assets.xcassets */ = {isa = PBXFileReference; lastKnownFileType = folder.assetcatalog; path = Assets.xcassets; sourceTree = "<group>"; };
		63FBEFB61D4960660089A25E /* Base */ = {isa = PBXFileReference; lastKnownFileType = file.storyboard; name = Base; path = Base.lproj/LaunchScreen.storyboard; sourceTree = "<group>"; };
		63FBEFB81D4960660089A25E /* Info.plist */ = {isa = PBXFileReference; lastKnownFileType = text.plist.xml; path = Info.plist; sourceTree = "<group>"; };
		63FBEFBE1D4962C70089A25E /* pokemon.csv */ = {isa = PBXFileReference; fileEncoding = 4; lastKnownFileType = text; name = pokemon.csv; path = "../../pokeapi-master/data/v1/pokemon.csv"; sourceTree = "<group>"; };
		63FBEFC11D4963A70089A25E /* Pokemon.swift */ = {isa = PBXFileReference; fileEncoding = 4; lastKnownFileType = sourcecode.swift; path = Pokemon.swift; sourceTree = "<group>"; };
		63FBEFC41D496CC20089A25E /* PokemonCollectionViewCell.swift */ = {isa = PBXFileReference; fileEncoding = 4; lastKnownFileType = sourcecode.swift; path = PokemonCollectionViewCell.swift; sourceTree = "<group>"; };
		63FBEFC61D49768D0089A25E /* csv.swift */ = {isa = PBXFileReference; fileEncoding = 4; lastKnownFileType = sourcecode.swift; path = csv.swift; sourceTree = "<group>"; };
/* End PBXFileReference section */

/* Begin PBXFrameworksBuildPhase section */
		63FBEFA61D4960660089A25E /* Frameworks */ = {
			isa = PBXFrameworksBuildPhase;
			buildActionMask = 2147483647;
			files = (
			);
			runOnlyForDeploymentPostprocessing = 0;
		};
/* End PBXFrameworksBuildPhase section */

/* Begin PBXGroup section */
		63FBEFA01D4960660089A25E = {
			isa = PBXGroup;
			children = (
				63FBEFAB1D4960660089A25E /* Pokedex */,
				63FBEFAA1D4960660089A25E /* Products */,
			);
			sourceTree = "<group>";
		};
		63FBEFAA1D4960660089A25E /* Products */ = {
			isa = PBXGroup;
			children = (
				63FBEFA91D4960660089A25E /* Pokedex.app */,
			);
			name = Products;
			sourceTree = "<group>";
		};
		63FBEFAB1D4960660089A25E /* Pokedex */ = {
			isa = PBXGroup;
			children = (
				63FBEFCA1D4976E40089A25E /* Resources */,
				63FBEFC01D4963970089A25E /* Model */,
				63FBEFC31D496C800089A25E /* View */,
				63FBEFC91D4976AC0089A25E /* Controller */,
				63FBEFC81D4976A50089A25E /* Util */,
				63FBEFAC1D4960660089A25E /* AppDelegate.swift */,
				63FBEFB01D4960660089A25E /* Main.storyboard */,
				63FBEFB31D4960660089A25E /* Assets.xcassets */,
				63FBEFB51D4960660089A25E /* LaunchScreen.storyboard */,
				63FBEFB81D4960660089A25E /* Info.plist */,
			);
			path = Pokedex;
			sourceTree = "<group>";
		};
		63FBEFC01D4963970089A25E /* Model */ = {
			isa = PBXGroup;
			children = (
				63FBEFC11D4963A70089A25E /* Pokemon.swift */,
			);
			name = Model;
			sourceTree = "<group>";
		};
		63FBEFC31D496C800089A25E /* View */ = {
			isa = PBXGroup;
			children = (
				63FBEFC41D496CC20089A25E /* PokemonCollectionViewCell.swift */,
			);
			name = View;
			sourceTree = "<group>";
		};
		63FBEFC81D4976A50089A25E /* Util */ = {
			isa = PBXGroup;
			children = (
				63FBEFC61D49768D0089A25E /* csv.swift */,
			);
			name = Util;
			sourceTree = "<group>";
		};
		63FBEFC91D4976AC0089A25E /* Controller */ = {
			isa = PBXGroup;
			children = (
				63FBEFAE1D4960660089A25E /* ViewController.swift */,
			);
			name = Controller;
			sourceTree = "<group>";
		};
		63FBEFCA1D4976E40089A25E /* Resources */ = {
			isa = PBXGroup;
			children = (
				63FBEFBE1D4962C70089A25E /* pokemon.csv */,
			);
			name = Resources;
			sourceTree = "<group>";
		};
/* End PBXGroup section */

/* Begin PBXNativeTarget section */
		63FBEFA81D4960660089A25E /* Pokedex */ = {
			isa = PBXNativeTarget;
			buildConfigurationList = 63FBEFBB1D4960660089A25E /* Build configuration list for PBXNativeTarget "Pokedex" */;
			buildPhases = (
				63FBEFA51D4960660089A25E /* Sources */,
				63FBEFA61D4960660089A25E /* Frameworks */,
				63FBEFA71D4960660089A25E /* Resources */,
			);
			buildRules = (
			);
			dependencies = (
			);
			name = Pokedex;
			productName = Pokedex;
			productReference = 63FBEFA91D4960660089A25E /* Pokedex.app */;
			productType = "com.apple.product-type.application";
		};
/* End PBXNativeTarget section */

/* Begin PBXProject section */
		63FBEFA11D4960660089A25E /* Project object */ = {
			isa = PBXProject;
			attributes = {
				LastSwiftUpdateCheck = 0730;
				LastUpgradeCheck = 0730;
				ORGANIZATIONNAME = "David Lee";
				TargetAttributes = {
					63FBEFA81D4960660089A25E = {
						CreatedOnToolsVersion = 7.3.1;
					};
				};
			};
			buildConfigurationList = 63FBEFA41D4960660089A25E /* Build configuration list for PBXProject "Pokedex" */;
			compatibilityVersion = "Xcode 3.2";
			developmentRegion = English;
			hasScannedForEncodings = 0;
			knownRegions = (
				en,
				Base,
			);
			mainGroup = 63FBEFA01D4960660089A25E;
			productRefGroup = 63FBEFAA1D4960660089A25E /* Products */;
			projectDirPath = "";
			projectRoot = "";
			targets = (
				63FBEFA81D4960660089A25E /* Pokedex */,
			);
		};
/* End PBXProject section */

/* Begin PBXResourcesBuildPhase section */
		63FBEFA71D4960660089A25E /* Resources */ = {
			isa = PBXResourcesBuildPhase;
			buildActionMask = 2147483647;
			files = (
				63FBEFB71D4960660089A25E /* LaunchScreen.storyboard in Resources */,
				63FBEFB41D4960660089A25E /* Assets.xcassets in Resources */,
				63FBEFBF1D4962C70089A25E /* pokemon.csv in Resources */,
				63FBEFB21D4960660089A25E /* Main.storyboard in Resources */,
			);
			runOnlyForDeploymentPostprocessing = 0;
		};
/* End PBXResourcesBuildPhase section */

/* Begin PBXSourcesBuildPhase section */
		63FBEFA51D4960660089A25E /* Sources */ = {
			isa = PBXSourcesBuildPhase;
			buildActionMask = 2147483647;
			files = (
				63FBEFAF1D4960660089A25E /* ViewController.swift in Sources */,
				63FBEFAD1D4960660089A25E /* AppDelegate.swift in Sources */,
				63FBEFC51D496CC20089A25E /* PokemonCollectionViewCell.swift in Sources */,
				63FBEFC21D4963A70089A25E /* Pokemon.swift in Sources */,
				63FBEFC71D49768D0089A25E /* csv.swift in Sources */,
			);
			runOnlyForDeploymentPostprocessing = 0;
		};
/* End PBXSourcesBuildPhase section */

/* Begin PBXVariantGroup section */
		63FBEFB01D4960660089A25E /* Main.storyboard */ = {
			isa = PBXVariantGroup;
			children = (
				63FBEFB11D4960660089A25E /* Base */,
			);
			name = Main.storyboard;
			sourceTree = "<group>";
		};
		63FBEFB51D4960660089A25E /* LaunchScreen.storyboard */ = {
			isa = PBXVariantGroup;
			children = (
				63FBEFB61D4960660089A25E /* Base */,
			);
			name = LaunchScreen.storyboard;
			sourceTree = "<group>";
		};
/* End PBXVariantGroup section */

/* Begin XCBuildConfiguration section */
		63FBEFB91D4960660089A25E /* Debug */ = {
			isa = XCBuildConfiguration;
			buildSettings = {
				ALWAYS_SEARCH_USER_PATHS = NO;
				CLANG_ANALYZER_NONNULL = YES;
				CLANG_CXX_LANGUAGE_STANDARD = "gnu++0x";
				CLANG_CXX_LIBRARY = "libc++";
				CLANG_ENABLE_MODULES = YES;
				CLANG_ENABLE_OBJC_ARC = YES;
				CLANG_WARN_BOOL_CONVERSION = YES;
				CLANG_WARN_CONSTANT_CONVERSION = YES;
				CLANG_WARN_DIRECT_OBJC_ISA_USAGE = YES_ERROR;
				CLANG_WARN_EMPTY_BODY = YES;
				CLANG_WARN_ENUM_CONVERSION = YES;
				CLANG_WARN_INT_CONVERSION = YES;
				CLANG_WARN_OBJC_ROOT_CLASS = YES_ERROR;
				CLANG_WARN_UNREACHABLE_CODE = YES;
				CLANG_WARN__DUPLICATE_METHOD_MATCH = YES;
				"CODE_SIGN_IDENTITY[sdk=iphoneos*]" = "iPhone Developer";
				COPY_PHASE_STRIP = NO;
				DEBUG_INFORMATION_FORMAT = dwarf;
				ENABLE_STRICT_OBJC_MSGSEND = YES;
				ENABLE_TESTABILITY = YES;
				GCC_C_LANGUAGE_STANDARD = gnu99;
				GCC_DYNAMIC_NO_PIC = NO;
				GCC_NO_COMMON_BLOCKS = YES;
				GCC_OPTIMIZATION_LEVEL = 0;
				GCC_PREPROCESSOR_DEFINITIONS = (
					"DEBUG=1",
					"$(inherited)",
				);
				GCC_WARN_64_TO_32_BIT_CONVERSION = YES;
				GCC_WARN_ABOUT_RETURN_TYPE = YES_ERROR;
				GCC_WARN_UNDECLARED_SELECTOR = YES;
				GCC_WARN_UNINITIALIZED_AUTOS = YES_AGGRESSIVE;
				GCC_WARN_UNUSED_FUNCTION = YES;
				GCC_WARN_UNUSED_VARIABLE = YES;
				IPHONEOS_DEPLOYMENT_TARGET = 9.3;
				MTL_ENABLE_DEBUG_INFO = YES;
				ONLY_ACTIVE_ARCH = YES;
				SDKROOT = iphoneos;
				SWIFT_OPTIMIZATION_LEVEL = "-Onone";
				TARGETED_DEVICE_FAMILY = "1,2";
			};
			name = Debug;
		};
		63FBEFBA1D4960660089A25E /* Release */ = {
			isa = XCBuildConfiguration;
			buildSettings = {
				ALWAYS_SEARCH_USER_PATHS = NO;
				CLANG_ANALYZER_NONNULL = YES;
				CLANG_CXX_LANGUAGE_STANDARD = "gnu++0x";
				CLANG_CXX_LIBRARY = "libc++";
				CLANG_ENABLE_MODULES = YES;
				CLANG_ENABLE_OBJC_ARC = YES;
				CLANG_WARN_BOOL_CONVERSION = YES;
				CLANG_WARN_CONSTANT_CONVERSION = YES;
				CLANG_WARN_DIRECT_OBJC_ISA_USAGE = YES_ERROR;
				CLANG_WARN_EMPTY_BODY = YES;
				CLANG_WARN_ENUM_CONVERSION = YES;
				CLANG_WARN_INT_CONVERSION = YES;
				CLANG_WARN_OBJC_ROOT_CLASS = YES_ERROR;
				CLANG_WARN_UNREACHABLE_CODE = YES;
				CLANG_WARN__DUPLICATE_METHOD_MATCH = YES;
				"CODE_SIGN_IDENTITY[sdk=iphoneos*]" = "iPhone Developer";
				COPY_PHASE_STRIP = NO;
				DEBUG_INFORMATION_FORMAT = "dwarf-with-dsym";
				ENABLE_NS_ASSERTIONS = NO;
				ENABLE_STRICT_OBJC_MSGSEND = YES;
				GCC_C_LANGUAGE_STANDARD = gnu99;
				GCC_NO_COMMON_BLOCKS = YES;
				GCC_WARN_64_TO_32_BIT_CONVERSION = YES;
				GCC_WARN_ABOUT_RETURN_TYPE = YES_ERROR;
				GCC_WARN_UNDECLARED_SELECTOR = YES;
				GCC_WARN_UNINITIALIZED_AUTOS = YES_AGGRESSIVE;
				GCC_WARN_UNUSED_FUNCTION = YES;
				GCC_WARN_UNUSED_VARIABLE = YES;
				IPHONEOS_DEPLOYMENT_TARGET = 9.3;
				MTL_ENABLE_DEBUG_INFO = NO;
				SDKROOT = iphoneos;
				TARGETED_DEVICE_FAMILY = "1,2";
				VALIDATE_PRODUCT = YES;
			};
			name = Release;
		};
		63FBEFBC1D4960660089A25E /* Debug */ = {
			isa = XCBuildConfiguration;
			buildSettings = {
				ASSETCATALOG_COMPILER_APPICON_NAME = AppIcon;
				INFOPLIST_FILE = Pokedex/Info.plist;
				LD_RUNPATH_SEARCH_PATHS = "$(inherited) @executable_path/Frameworks";
				PRODUCT_BUNDLE_IDENTIFIER = com.david.Pokedex;
				PRODUCT_NAME = "$(TARGET_NAME)";
			};
			name = Debug;
		};
		63FBEFBD1D4960660089A25E /* Release */ = {
			isa = XCBuildConfiguration;
			buildSettings = {
				ASSETCATALOG_COMPILER_APPICON_NAME = AppIcon;
				INFOPLIST_FILE = Pokedex/Info.plist;
				LD_RUNPATH_SEARCH_PATHS = "$(inherited) @executable_path/Frameworks";
				PRODUCT_BUNDLE_IDENTIFIER = com.david.Pokedex;
				PRODUCT_NAME = "$(TARGET_NAME)";
			};
			name = Release;
		};
/* End XCBuildConfiguration section */

/* Begin XCConfigurationList section */
		63FBEFA41D4960660089A25E /* Build configuration list for PBXProject "Pokedex" */ = {
			isa = XCConfigurationList;
			buildConfigurations = (
				63FBEFB91D4960660089A25E /* Debug */,
				63FBEFBA1D4960660089A25E /* Release */,
			);
			defaultConfigurationIsVisible = 0;
			defaultConfigurationName = Release;
		};
		63FBEFBB1D4960660089A25E /* Build configuration list for PBXNativeTarget "Pokedex" */ = {
			isa = XCConfigurationList;
			buildConfigurations = (
				63FBEFBC1D4960660089A25E /* Debug */,
				63FBEFBD1D4960660089A25E /* Release */,
			);
			defaultConfigurationIsVisible = 0;
		};
/* End XCConfigurationList section */
	};
	rootObject = 63FBEFA11D4960660089A25E /* Project object */;
}
